
Microsoft Visual Studio Solution File, Format Version 12.00
# Visual Studio Version 16
VisualStudioVersion = 16.0.31702.278
MinimumVisualStudioVersion = 10.0.40219.1
Project("{FAE04EC0-301F-11D3-BF4B-00C04F79EFBC}") = "WeatherForecast", "WeatherForecast\WeatherForecast.csproj", "{7D8F91A3-970E-4D5E-BCFD-8F103DE3E7DD}"
EndProject
Global
	GlobalSection(SolutionConfigurationPlatforms) = preSolution
		Debug|Any CPU = Debug|Any CPU
		Release|Any CPU = Release|Any CPU
	EndGlobalSection
	GlobalSection(ProjectConfigurationPlatforms) = postSolution
		{7D8F91A3-970E-4D5E-BCFD-8F103DE3E7DD}.Debug|Any CPU.ActiveCfg = Debug|Any CPU
		{7D8F91A3-970E-4D5E-BCFD-8F103DE3E7DD}.Debug|Any CPU.Build.0 = Debug|Any CPU
		{7D8F91A3-970E-4D5E-BCFD-8F103DE3E7DD}.Release|Any CPU.ActiveCfg = Release|Any CPU
		{7D8F91A3-970E-4D5E-BCFD-8F103DE3E7DD}.Release|Any CPU.Build.0 = Release|Any CPU
	EndGlobalSection
	GlobalSection(SolutionProperties) = preSolution
		HideSolutionNode = FALSE
	EndGlobalSection
	GlobalSection(ExtensibilityGlobals) = postSolution
		SolutionGuid = {E0570C47-1978-484A-BDFF-7D43F299FA3C}
	EndGlobalSection
EndGlobal
